# This file was autogenerated by Stack.
# You should not edit this file by hand.
# For more information, please see the documentation at:
#   https://docs.haskellstack.org/en/stable/lock_files

packages: []
snapshots:
- completed:
    size: 486918
    url: https://raw.githubusercontent.com/commercialhaskell/stackage-snapshots/master/lts/8/9.yaml
    sha256: ed27d50405c8fa99e61238cedccbe95b1dde6fb53dc5e6f50eae207845da861a
  original: lts-8.9
